PODS:
  - CoreLayout (0.1.0):
    - GaugeKit
    - Nuke
    - NVActivityIndicatorView (= 5.1.1)
    - SharedUtilities
    - SnapKit (= 5.0.1)
    - SwiftMessages (= 9.0.5)
  - EMSDisplay (0.1.0):
    - CoreLayout
    - EMSDomain
  - EMSDomain (0.1.0):
    - SharedUtilities
  - GaugeKit (0.5.1)
  - Nuke (10.6.1)
  - NVActivityIndicatorView (5.1.1):
    - NVActivityIndicatorView/Base (= 5.1.1)
  - NVActivityIndicatorView/Base (5.1.1)
  - ReachabilitySwift (5.0.0)
  - SharedTestingUtilities (0.1.0):
    - SharedUtilities
    - SnapshotTesting (= 1.9.0)
    - SwiftyMocky (= 4.1.0)
  - SharedUtilities (0.1.0):
    - ReachabilitySwift (= 5.0.0)
  - SharedUtilitiesMocks (0.1.0):
    - SharedUtilities
    - SwiftyMocky (= 4.1.0)
  - SnapKit (5.0.1)
  - SnapshotTesting (1.9.0)
  - Sourcery (1.6.0)
  - SwiftMessages (9.0.5):
    - SwiftMessages/App (= 9.0.5)
  - SwiftMessages/App (9.0.5)
  - SwiftyMocky (4.1.0):
    - Sourcery (= 1.6.0)

DEPENDENCIES:
  - CoreLayout (from `Modules/Core/CoreLayout`)
  - EMSDisplay (from `Modules/Feature/EMSDisplay`)
  - EMSDomain (from `Modules/Domain/EMSDomain`)
  - SharedTestingUtilities (from `Modules/Core/SharedUtilities`)
  - SharedUtilities (from `Modules/Core/SharedUtilities`)
  - SharedUtilitiesMocks (from `Modules/Core/SharedUtilities`)
  - SwiftyMocky

SPEC REPOS:
  trunk:
    - GaugeKit
    - Nuke
    - NVActivityIndicatorView
    - ReachabilitySwift
    - SnapKit
    - SnapshotTesting
    - Sourcery
    - SwiftMessages
    - SwiftyMocky

EXTERNAL SOURCES:
  CoreLayout:
    :path: Modules/Core/CoreLayout
  EMSDisplay:
    :path: Modules/Feature/EMSDisplay
  EMSDomain:
    :path: Modules/Domain/EMSDomain
  SharedTestingUtilities:
    :path: Modules/Core/SharedUtilities
  SharedUtilities:
    :path: Modules/Core/SharedUtilities
  SharedUtilitiesMocks:
    :path: Modules/Core/SharedUtilities

SPEC CHECKSUMS:
  CoreLayout: f5d6d94c4aa4ad8fce2043a0c7e9cf4c414490fb
  EMSDisplay: 8240fcf859ba10e21048a064a57b6819ed6718b8
  EMSDomain: 0d3bc41caccd3a6aa661e160b4229bf1c7efd0ba
  GaugeKit: b09f41f141511c172a606403e71adf8e9b6008b3
  Nuke: 3ca210aee6d90756605c5125cbe40569fd9c06f7
  NVActivityIndicatorView: 1f6c5687f1171810aa27a3296814dc2d7dec3667
  ReachabilitySwift: 985039c6f7b23a1da463388634119492ff86c825
  SharedTestingUtilities: d5ee389a9bb9c612c50ae52a70758ee472b01816
  SharedUtilities: 5d614f2fa88207d901026de9645f2c60f4bdd28d
  SharedUtilitiesMocks: 05845b226fb1bcbb9087f9d76f677f2cd669da1d
  SnapKit: 97b92857e3df3a0c71833cce143274bf6ef8e5eb
  SnapshotTesting: 6141c48b6aa76ead61431ca665c14ab9a066c53b
  Sourcery: 744f43178637c79bf23127dfe34e2103b3f28499
  SwiftMessages: 9cca50659fa22bb523b4dd2a958d4442e843a354
  SwiftyMocky: 014739247afadb65efb5bb92ede32c22b9365762

PODFILE CHECKSUM: 85f782d891e2147e5d0cc54bc4ba0e7289a053d6

COCOAPODS: 1.11.2
