PODS:
  - EMSDomain (0.1.0):
    - SharedUtilities
  - ReachabilitySwift (5.0.0)
  - SharedUtilities (0.1.0):
    - ReachabilitySwift (= 5.0.0)

DEPENDENCIES:
  - EMSDomain (from `../`)
  - SharedUtilities (from `../../../Core/SharedUtilities`)

SPEC REPOS:
  trunk:
    - ReachabilitySwift

EXTERNAL SOURCES:
  EMSDomain:
    :path: "../"
  SharedUtilities:
    :path: "../../../Core/SharedUtilities"

SPEC CHECKSUMS:
  EMSDomain: 861e051804b9ba5440116b1943c9c0cf6ff35547
  ReachabilitySwift: 985039c6f7b23a1da463388634119492ff86c825
  SharedUtilities: 5d614f2fa88207d901026de9645f2c60f4bdd28d

PODFILE CHECKSUM: 6cbe81d741ea30ec9305fdaf0a5ea00e98112cc5

COCOAPODS: 1.11.2
