// !$*UTF8*$!
{
	archiveVersion = 1;
	classes = {
	};
	objectVersion = 55;
	objects = {

/* Begin PBXBuildFile section */
		2883D55527AAE0AD0056BF5C /* Main.storyboard in Resources */ = {isa = PBXBuildFile; fileRef = 2883D55327AAE0AD0056BF5C /* Main.storyboard */; };
		2883D55727AAE0AF0056BF5C /* Assets.xcassets in Resources */ = {isa = PBXBuildFile; fileRef = 2883D55627AAE0AF0056BF5C /* Assets.xcassets */; };
		2883D55A27AAE0AF0056BF5C /* LaunchScreen.storyboard in Resources */ = {isa = PBXBuildFile; fileRef = 2883D55827AAE0AF0056BF5C /* LaunchScreen.storyboard */; };
		2883D56527AAE0B00056BF5C /* AppTests.swift in Sources */ = {isa = PBXBuildFile; fileRef = 2883D56427AAE0B00056BF5C /* AppTests.swift */; };
		2883D56F27AAE0B00056BF5C /* AppUITests.swift in Sources */ = {isa = PBXBuildFile; fileRef = 2883D56E27AAE0B00056BF5C /* AppUITests.swift */; };
		2883D57127AAE0B00056BF5C /* AppUITestsLaunchTests.swift in Sources */ = {isa = PBXBuildFile; fileRef = 2883D57027AAE0B00056BF5C /* AppUITestsLaunchTests.swift */; };
		2883D58027AAE3580056BF5C /* AppDelegate.swift in Sources */ = {isa = PBXBuildFile; fileRef = 2883D57E27AAE3580056BF5C /* AppDelegate.swift */; };
		2883D58127AAE3580056BF5C /* SceneDelegate.swift in Sources */ = {isa = PBXBuildFile; fileRef = 2883D57F27AAE3580056BF5C /* SceneDelegate.swift */; };
		2883D58627AAE3630056BF5C /* AppDelegateProtocols.swift in Sources */ = {isa = PBXBuildFile; fileRef = 2883D58227AAE3630056BF5C /* AppDelegateProtocols.swift */; };
		2883D58727AAE3630056BF5C /* AppDelegateInteractor.swift in Sources */ = {isa = PBXBuildFile; fileRef = 2883D58327AAE3630056BF5C /* AppDelegateInteractor.swift */; };
		2883D58827AAE3630056BF5C /* AppDelegateRouter.swift in Sources */ = {isa = PBXBuildFile; fileRef = 2883D58427AAE3630056BF5C /* AppDelegateRouter.swift */; };
		2883D58927AAE3630056BF5C /* AppDelegateFactory.swift in Sources */ = {isa = PBXBuildFile; fileRef = 2883D58527AAE3630056BF5C /* AppDelegateFactory.swift */; };
		681A3D44ACBB62FE8A1025C7 /* Pods_App.framework in Frameworks */ = {isa = PBXBuildFile; fileRef = BC40063122CBD9BC76D22051 /* Pods_App.framework */; };
		DE999A1365F40D2D2FC724AD /* Pods_AppTests.framework in Frameworks */ = {isa = PBXBuildFile; fileRef = 80D18C8ACF9156C7AB1AB7EE /* Pods_AppTests.framework */; };
/* End PBXBuildFile section */

/* Begin PBXContainerItemProxy section */
		2883D56127AAE0B00056BF5C /* PBXContainerItemProxy */ = {
			isa = PBXContainerItemProxy;
			containerPortal = 2883D54227AAE0AD0056BF5C /* Project object */;
			proxyType = 1;
			remoteGlobalIDString = 2883D54927AAE0AD0056BF5C;
			remoteInfo = App;
		};
		2883D56B27AAE0B00056BF5C /* PBXContainerItemProxy */ = {
			isa = PBXContainerItemProxy;
			containerPortal = 2883D54227AAE0AD0056BF5C /* Project object */;
			proxyType = 1;
			remoteGlobalIDString = 2883D54927AAE0AD0056BF5C;
			remoteInfo = App;
		};
/* End PBXContainerItemProxy section */

/* Begin PBXFileReference section */
		2883D54A27AAE0AD0056BF5C /* App.app */ = {isa = PBXFileReference; explicitFileType = wrapper.application; includeInIndex = 0; path = App.app; sourceTree = BUILT_PRODUCTS_DIR; };
		2883D55427AAE0AD0056BF5C /* Base */ = {isa = PBXFileReference; lastKnownFileType = file.storyboard; name = Base; path = Base.lproj/Main.storyboard; sourceTree = "<group>"; };
		2883D55627AAE0AF0056BF5C /* Assets.xcassets */ = {isa = PBXFileReference; lastKnownFileType = folder.assetcatalog; path = Assets.xcassets; sourceTree = "<group>"; };
		2883D55927AAE0AF0056BF5C /* Base */ = {isa = PBXFileReference; lastKnownFileType = file.storyboard; name = Base; path = Base.lproj/LaunchScreen.storyboard; sourceTree = "<group>"; };
		2883D55B27AAE0B00056BF5C /* Info.plist */ = {isa = PBXFileReference; lastKnownFileType = text.plist.xml; path = Info.plist; sourceTree = "<group>"; };
		2883D56027AAE0B00056BF5C /* AppTests.xctest */ = {isa = PBXFileReference; explicitFileType = wrapper.cfbundle; includeInIndex = 0; path = AppTests.xctest; sourceTree = BUILT_PRODUCTS_DIR; };
		2883D56427AAE0B00056BF5C /* AppTests.swift */ = {isa = PBXFileReference; lastKnownFileType = sourcecode.swift; path = AppTests.swift; sourceTree = "<group>"; };
		2883D56A27AAE0B00056BF5C /* AppUITests.xctest */ = {isa = PBXFileReference; explicitFileType = wrapper.cfbundle; includeInIndex = 0; path = AppUITests.xctest; sourceTree = BUILT_PRODUCTS_DIR; };
		2883D56E27AAE0B00056BF5C /* AppUITests.swift */ = {isa = PBXFileReference; lastKnownFileType = sourcecode.swift; path = AppUITests.swift; sourceTree = "<group>"; };
		2883D57027AAE0B00056BF5C /* AppUITestsLaunchTests.swift */ = {isa = PBXFileReference; lastKnownFileType = sourcecode.swift; path = AppUITestsLaunchTests.swift; sourceTree = "<group>"; };
		2883D57E27AAE3580056BF5C /* AppDelegate.swift */ = {isa = PBXFileReference; fileEncoding = 4; lastKnownFileType = sourcecode.swift; path = AppDelegate.swift; sourceTree = "<group>"; };
		2883D57F27AAE3580056BF5C /* SceneDelegate.swift */ = {isa = PBXFileReference; fileEncoding = 4; lastKnownFileType = sourcecode.swift; path = SceneDelegate.swift; sourceTree = "<group>"; };
		2883D58227AAE3630056BF5C /* AppDelegateProtocols.swift */ = {isa = PBXFileReference; fileEncoding = 4; lastKnownFileType = sourcecode.swift; path = AppDelegateProtocols.swift; sourceTree = "<group>"; };
		2883D58327AAE3630056BF5C /* AppDelegateInteractor.swift */ = {isa = PBXFileReference; fileEncoding = 4; lastKnownFileType = sourcecode.swift; path = AppDelegateInteractor.swift; sourceTree = "<group>"; };
		2883D58427AAE3630056BF5C /* AppDelegateRouter.swift */ = {isa = PBXFileReference; fileEncoding = 4; lastKnownFileType = sourcecode.swift; path = AppDelegateRouter.swift; sourceTree = "<group>"; };
		2883D58527AAE3630056BF5C /* AppDelegateFactory.swift */ = {isa = PBXFileReference; fileEncoding = 4; lastKnownFileType = sourcecode.swift; path = AppDelegateFactory.swift; sourceTree = "<group>"; };
		3853190382A812732C068C87 /* Pods-AppTests.release.xcconfig */ = {isa = PBXFileReference; includeInIndex = 1; lastKnownFileType = text.xcconfig; name = "Pods-AppTests.release.xcconfig"; path = "Target Support Files/Pods-AppTests/Pods-AppTests.release.xcconfig"; sourceTree = "<group>"; };
		80D18C8ACF9156C7AB1AB7EE /* Pods_AppTests.framework */ = {isa = PBXFileReference; explicitFileType = wrapper.framework; includeInIndex = 0; path = Pods_AppTests.framework; sourceTree = BUILT_PRODUCTS_DIR; };
		82413F9941AB57A0B40CAE52 /* Pods-App.debug.xcconfig */ = {isa = PBXFileReference; includeInIndex = 1; lastKnownFileType = text.xcconfig; name = "Pods-App.debug.xcconfig"; path = "Target Support Files/Pods-App/Pods-App.debug.xcconfig"; sourceTree = "<group>"; };
		915AEAE6C1F81ABB9C0FD28F /* Pods-App.release.xcconfig */ = {isa = PBXFileReference; includeInIndex = 1; lastKnownFileType = text.xcconfig; name = "Pods-App.release.xcconfig"; path = "Target Support Files/Pods-App/Pods-App.release.xcconfig"; sourceTree = "<group>"; };
		BC40063122CBD9BC76D22051 /* Pods_App.framework */ = {isa = PBXFileReference; explicitFileType = wrapper.framework; includeInIndex = 0; path = Pods_App.framework; sourceTree = BUILT_PRODUCTS_DIR; };
		C41030F2A7FF5694F7063FD9 /* Pods-AppTests.debug.xcconfig */ = {isa = PBXFileReference; includeInIndex = 1; lastKnownFileType = text.xcconfig; name = "Pods-AppTests.debug.xcconfig"; path = "Target Support Files/Pods-AppTests/Pods-AppTests.debug.xcconfig"; sourceTree = "<group>"; };
/* End PBXFileReference section */

/* Begin PBXFrameworksBuildPhase section */
		2883D54727AAE0AD0056BF5C /* Frameworks */ = {
			isa = PBXFrameworksBuildPhase;
			buildActionMask = 2147483647;
			files = (
				681A3D44ACBB62FE8A1025C7 /* Pods_App.framework in Frameworks */,
			);
			runOnlyForDeploymentPostprocessing = 0;
		};
		2883D55D27AAE0B00056BF5C /* Frameworks */ = {
			isa = PBXFrameworksBuildPhase;
			buildActionMask = 2147483647;
			files = (
				DE999A1365F40D2D2FC724AD /* Pods_AppTests.framework in Frameworks */,
			);
			runOnlyForDeploymentPostprocessing = 0;
		};
		2883D56727AAE0B00056BF5C /* Frameworks */ = {
			isa = PBXFrameworksBuildPhase;
			buildActionMask = 2147483647;
			files = (
			);
			runOnlyForDeploymentPostprocessing = 0;
		};
/* End PBXFrameworksBuildPhase section */

/* Begin PBXGroup section */
		2883D54127AAE0AD0056BF5C = {
			isa = PBXGroup;
			children = (
				2883D54C27AAE0AD0056BF5C /* App */,
				2883D56327AAE0B00056BF5C /* AppTests */,
				2883D56D27AAE0B00056BF5C /* AppUITests */,
				2883D54B27AAE0AD0056BF5C /* Products */,
				8698077FCADB1D1EFA97886A /* Pods */,
				9F395341B2D50C4452CD3A6A /* Frameworks */,
			);
			sourceTree = "<group>";
		};
		2883D54B27AAE0AD0056BF5C /* Products */ = {
			isa = PBXGroup;
			children = (
				2883D54A27AAE0AD0056BF5C /* App.app */,
				2883D56027AAE0B00056BF5C /* AppTests.xctest */,
				2883D56A27AAE0B00056BF5C /* AppUITests.xctest */,
			);
			name = Products;
			sourceTree = "<group>";
		};
		2883D54C27AAE0AD0056BF5C /* App */ = {
			isa = PBXGroup;
			children = (
				2883D57E27AAE3580056BF5C /* AppDelegate.swift */,
				2883D57F27AAE3580056BF5C /* SceneDelegate.swift */,
				2883D57D27AAE0D00056BF5C /* AppDelegate */,
				2883D55327AAE0AD0056BF5C /* Main.storyboard */,
				2883D55627AAE0AF0056BF5C /* Assets.xcassets */,
				2883D55827AAE0AF0056BF5C /* LaunchScreen.storyboard */,
				2883D55B27AAE0B00056BF5C /* Info.plist */,
			);
			path = App;
			sourceTree = "<group>";
		};
		2883D56327AAE0B00056BF5C /* AppTests */ = {
			isa = PBXGroup;
			children = (
				2883D56427AAE0B00056BF5C /* AppTests.swift */,
			);
			path = AppTests;
			sourceTree = "<group>";
		};
		2883D56D27AAE0B00056BF5C /* AppUITests */ = {
			isa = PBXGroup;
			children = (
				2883D56E27AAE0B00056BF5C /* AppUITests.swift */,
				2883D57027AAE0B00056BF5C /* AppUITestsLaunchTests.swift */,
			);
			path = AppUITests;
			sourceTree = "<group>";
		};
		2883D57D27AAE0D00056BF5C /* AppDelegate */ = {
			isa = PBXGroup;
			children = (
				2883D58527AAE3630056BF5C /* AppDelegateFactory.swift */,
				2883D58327AAE3630056BF5C /* AppDelegateInteractor.swift */,
				2883D58227AAE3630056BF5C /* AppDelegateProtocols.swift */,
				2883D58427AAE3630056BF5C /* AppDelegateRouter.swift */,
			);
			path = AppDelegate;
			sourceTree = "<group>";
		};
		8698077FCADB1D1EFA97886A /* Pods */ = {
			isa = PBXGroup;
			children = (
				82413F9941AB57A0B40CAE52 /* Pods-App.debug.xcconfig */,
				915AEAE6C1F81ABB9C0FD28F /* Pods-App.release.xcconfig */,
				C41030F2A7FF5694F7063FD9 /* Pods-AppTests.debug.xcconfig */,
				3853190382A812732C068C87 /* Pods-AppTests.release.xcconfig */,
			);
			name = Pods;
			path = ../Pods;
			sourceTree = "<group>";
		};
		9F395341B2D50C4452CD3A6A /* Frameworks */ = {
			isa = PBXGroup;
			children = (
				BC40063122CBD9BC76D22051 /* Pods_App.framework */,
				80D18C8ACF9156C7AB1AB7EE /* Pods_AppTests.framework */,
			);
			name = Frameworks;
			sourceTree = "<group>";
		};
/* End PBXGroup section */

/* Begin PBXNativeTarget section */
		2883D54927AAE0AD0056BF5C /* App */ = {
			isa = PBXNativeTarget;
			buildConfigurationList = 2883D57427AAE0B00056BF5C /* Build configuration list for PBXNativeTarget "App" */;
			buildPhases = (
				12F054A1E5CD84DE71399C7C /* [CP] Check Pods Manifest.lock */,
				2883D54627AAE0AD0056BF5C /* Sources */,
				2883D54727AAE0AD0056BF5C /* Frameworks */,
				2883D54827AAE0AD0056BF5C /* Resources */,
				25265086ABD8BE7884CE96A2 /* [CP] Embed Pods Frameworks */,
				8CE3CC33ACF6F8F89FD8E182 /* [CP] Copy Pods Resources */,
			);
			buildRules = (
			);
			dependencies = (
			);
			name = App;
			productName = App;
			productReference = 2883D54A27AAE0AD0056BF5C /* App.app */;
			productType = "com.apple.product-type.application";
		};
		2883D55F27AAE0B00056BF5C /* AppTests */ = {
			isa = PBXNativeTarget;
			buildConfigurationList = 2883D57727AAE0B00056BF5C /* Build configuration list for PBXNativeTarget "AppTests" */;
			buildPhases = (
				6F23D7D24E1326B14BB5505B /* [CP] Check Pods Manifest.lock */,
				2883D55C27AAE0B00056BF5C /* Sources */,
				2883D55D27AAE0B00056BF5C /* Frameworks */,
				2883D55E27AAE0B00056BF5C /* Resources */,
				DA6913E04CB423E574B751F2 /* [CP] Embed Pods Frameworks */,
			);
			buildRules = (
			);
			dependencies = (
				2883D56227AAE0B00056BF5C /* PBXTargetDependency */,
			);
			name = AppTests;
			productName = AppTests;
			productReference = 2883D56027AAE0B00056BF5C /* AppTests.xctest */;
			productType = "com.apple.product-type.bundle.unit-test";
		};
		2883D56927AAE0B00056BF5C /* AppUITests */ = {
			isa = PBXNativeTarget;
			buildConfigurationList = 2883D57A27AAE0B00056BF5C /* Build configuration list for PBXNativeTarget "AppUITests" */;
			buildPhases = (
				2883D56627AAE0B00056BF5C /* Sources */,
				2883D56727AAE0B00056BF5C /* Frameworks */,
				2883D56827AAE0B00056BF5C /* Resources */,
			);
			buildRules = (
			);
			dependencies = (
				2883D56C27AAE0B00056BF5C /* PBXTargetDependency */,
			);
			name = AppUITests;
			productName = AppUITests;
			productReference = 2883D56A27AAE0B00056BF5C /* AppUITests.xctest */;
			productType = "com.apple.product-type.bundle.ui-testing";
		};
/* End PBXNativeTarget section */

/* Begin PBXProject section */
		2883D54227AAE0AD0056BF5C /* Project object */ = {
			isa = PBXProject;
			attributes = {
				BuildIndependentTargetsInParallel = 1;
				LastSwiftUpdateCheck = 1320;
				LastUpgradeCheck = 1320;
				TargetAttributes = {
					2883D54927AAE0AD0056BF5C = {
						CreatedOnToolsVersion = 13.2.1;
						LastSwiftMigration = 1320;
					};
					2883D55F27AAE0B00056BF5C = {
						CreatedOnToolsVersion = 13.2.1;
						TestTargetID = 2883D54927AAE0AD0056BF5C;
					};
					2883D56927AAE0B00056BF5C = {
						CreatedOnToolsVersion = 13.2.1;
						TestTargetID = 2883D54927AAE0AD0056BF5C;
					};
				};
			};
			buildConfigurationList = 2883D54527AAE0AD0056BF5C /* Build configuration list for PBXProject "App" */;
			compatibilityVersion = "Xcode 13.0";
			developmentRegion = en;
			hasScannedForEncodings = 0;
			knownRegions = (
				en,
				Base,
			);
			mainGroup = 2883D54127AAE0AD0056BF5C;
			productRefGroup = 2883D54B27AAE0AD0056BF5C /* Products */;
			projectDirPath = "";
			projectRoot = "";
			targets = (
				2883D54927AAE0AD0056BF5C /* App */,
				2883D55F27AAE0B00056BF5C /* AppTests */,
				2883D56927AAE0B00056BF5C /* AppUITests */,
			);
		};
/* End PBXProject section */

/* Begin PBXResourcesBuildPhase section */
		2883D54827AAE0AD0056BF5C /* Resources */ = {
			isa = PBXResourcesBuildPhase;
			buildActionMask = 2147483647;
			files = (
				2883D55A27AAE0AF0056BF5C /* LaunchScreen.storyboard in Resources */,
				2883D55727AAE0AF0056BF5C /* Assets.xcassets in Resources */,
				2883D55527AAE0AD0056BF5C /* Main.storyboard in Resources */,
			);
			runOnlyForDeploymentPostprocessing = 0;
		};
		2883D55E27AAE0B00056BF5C /* Resources */ = {
			isa = PBXResourcesBuildPhase;
			buildActionMask = 2147483647;
			files = (
			);
			runOnlyForDeploymentPostprocessing = 0;
		};
		2883D56827AAE0B00056BF5C /* Resources */ = {
			isa = PBXResourcesBuildPhase;
			buildActionMask = 2147483647;
			files = (
			);
			runOnlyForDeploymentPostprocessing = 0;
		};
/* End PBXResourcesBuildPhase section */

/* Begin PBXShellScriptBuildPhase section */
		12F054A1E5CD84DE71399C7C /* [CP] Check Pods Manifest.lock */ = {
			isa = PBXShellScriptBuildPhase;
			buildActionMask = 2147483647;
			files = (
			);
			inputFileListPaths = (
			);
			inputPaths = (
				"${PODS_PODFILE_DIR_PATH}/Podfile.lock",
				"${PODS_ROOT}/Manifest.lock",
			);
			name = "[CP] Check Pods Manifest.lock";
			outputFileListPaths = (
			);
			outputPaths = (
				"$(DERIVED_FILE_DIR)/Pods-App-checkManifestLockResult.txt",
			);
			runOnlyForDeploymentPostprocessing = 0;
			shellPath = /bin/sh;
			shellScript = "diff \"${PODS_PODFILE_DIR_PATH}/Podfile.lock\" \"${PODS_ROOT}/Manifest.lock\" > /dev/null\nif [ $? != 0 ] ; then\n    # print error to STDERR\n    echo \"error: The sandbox is not in sync with the Podfile.lock. Run 'pod install' or update your CocoaPods installation.\" >&2\n    exit 1\nfi\n# This output is used by Xcode 'outputs' to avoid re-running this script phase.\necho \"SUCCESS\" > \"${SCRIPT_OUTPUT_FILE_0}\"\n";
			showEnvVarsInLog = 0;
		};
		25265086ABD8BE7884CE96A2 /* [CP] Embed Pods Frameworks */ = {
			isa = PBXShellScriptBuildPhase;
			buildActionMask = 2147483647;
			files = (
			);
			inputFileListPaths = (
				"${PODS_ROOT}/Target Support Files/Pods-App/Pods-App-frameworks-${CONFIGURATION}-input-files.xcfilelist",
			);
			name = "[CP] Embed Pods Frameworks";
			outputFileListPaths = (
				"${PODS_ROOT}/Target Support Files/Pods-App/Pods-App-frameworks-${CONFIGURATION}-output-files.xcfilelist",
			);
			runOnlyForDeploymentPostprocessing = 0;
			shellPath = /bin/sh;
			shellScript = "\"${PODS_ROOT}/Target Support Files/Pods-App/Pods-App-frameworks.sh\"\n";
			showEnvVarsInLog = 0;
		};
		6F23D7D24E1326B14BB5505B /* [CP] Check Pods Manifest.lock */ = {
			isa = PBXShellScriptBuildPhase;
			buildActionMask = 2147483647;
			files = (
			);
			inputFileListPaths = (
			);
			inputPaths = (
				"${PODS_PODFILE_DIR_PATH}/Podfile.lock",
				"${PODS_ROOT}/Manifest.lock",
			);
			name = "[CP] Check Pods Manifest.lock";
			outputFileListPaths = (
			);
			outputPaths = (
				"$(DERIVED_FILE_DIR)/Pods-AppTests-checkManifestLockResult.txt",
			);
			runOnlyForDeploymentPostprocessing = 0;
			shellPath = /bin/sh;
			shellScript = "diff \"${PODS_PODFILE_DIR_PATH}/Podfile.lock\" \"${PODS_ROOT}/Manifest.lock\" > /dev/null\nif [ $? != 0 ] ; then\n    # print error to STDERR\n    echo \"error: The sandbox is not in sync with the Podfile.lock. Run 'pod install' or update your CocoaPods installation.\" >&2\n    exit 1\nfi\n# This output is used by Xcode 'outputs' to avoid re-running this script phase.\necho \"SUCCESS\" > \"${SCRIPT_OUTPUT_FILE_0}\"\n";
			showEnvVarsInLog = 0;
		};
		8CE3CC33ACF6F8F89FD8E182 /* [CP] Copy Pods Resources */ = {
			isa = PBXShellScriptBuildPhase;
			buildActionMask = 2147483647;
			files = (
			);
			inputFileListPaths = (
				"${PODS_ROOT}/Target Support Files/Pods-App/Pods-App-resources-${CONFIGURATION}-input-files.xcfilelist",
			);
			name = "[CP] Copy Pods Resources";
			outputFileListPaths = (
				"${PODS_ROOT}/Target Support Files/Pods-App/Pods-App-resources-${CONFIGURATION}-output-files.xcfilelist",
			);
			runOnlyForDeploymentPostprocessing = 0;
			shellPath = /bin/sh;
			shellScript = "\"${PODS_ROOT}/Target Support Files/Pods-App/Pods-App-resources.sh\"\n";
			showEnvVarsInLog = 0;
		};
		DA6913E04CB423E574B751F2 /* [CP] Embed Pods Frameworks */ = {
			isa = PBXShellScriptBuildPhase;
			buildActionMask = 2147483647;
			files = (
			);
			inputFileListPaths = (
				"${PODS_ROOT}/Target Support Files/Pods-AppTests/Pods-AppTests-frameworks-${CONFIGURATION}-input-files.xcfilelist",
			);
			name = "[CP] Embed Pods Frameworks";
			outputFileListPaths = (
				"${PODS_ROOT}/Target Support Files/Pods-AppTests/Pods-AppTests-frameworks-${CONFIGURATION}-output-files.xcfilelist",
			);
			runOnlyForDeploymentPostprocessing = 0;
			shellPath = /bin/sh;
			shellScript = "\"${PODS_ROOT}/Target Support Files/Pods-AppTests/Pods-AppTests-frameworks.sh\"\n";
			showEnvVarsInLog = 0;
		};
/* End PBXShellScriptBuildPhase section */

/* Begin PBXSourcesBuildPhase section */
		2883D54627AAE0AD0056BF5C /* Sources */ = {
			isa = PBXSourcesBuildPhase;
			buildActionMask = 2147483647;
			files = (
				2883D58027AAE3580056BF5C /* AppDelegate.swift in Sources */,
				2883D58827AAE3630056BF5C /* AppDelegateRouter.swift in Sources */,
				2883D58727AAE3630056BF5C /* AppDelegateInteractor.swift in Sources */,
				2883D58127AAE3580056BF5C /* SceneDelegate.swift in Sources */,
				2883D58627AAE3630056BF5C /* AppDelegateProtocols.swift in Sources */,
				2883D58927AAE3630056BF5C /* AppDelegateFactory.swift in Sources */,
			);
			runOnlyForDeploymentPostprocessing = 0;
		};
		2883D55C27AAE0B00056BF5C /* Sources */ = {
			isa = PBXSourcesBuildPhase;
			buildActionMask = 2147483647;
			files = (
				2883D56527AAE0B00056BF5C /* AppTests.swift in Sources */,
			);
			runOnlyForDeploymentPostprocessing = 0;
		};
		2883D56627AAE0B00056BF5C /* Sources */ = {
			isa = PBXSourcesBuildPhase;
			buildActionMask = 2147483647;
			files = (
				2883D57127AAE0B00056BF5C /* AppUITestsLaunchTests.swift in Sources */,
				2883D56F27AAE0B00056BF5C /* AppUITests.swift in Sources */,
			);
			runOnlyForDeploymentPostprocessing = 0;
		};
/* End PBXSourcesBuildPhase section */

/* Begin PBXTargetDependency section */
		2883D56227AAE0B00056BF5C /* PBXTargetDependency */ = {
			isa = PBXTargetDependency;
			target = 2883D54927AAE0AD0056BF5C /* App */;
			targetProxy = 2883D56127AAE0B00056BF5C /* PBXContainerItemProxy */;
		};
		2883D56C27AAE0B00056BF5C /* PBXTargetDependency */ = {
			isa = PBXTargetDependency;
			target = 2883D54927AAE0AD0056BF5C /* App */;
			targetProxy = 2883D56B27AAE0B00056BF5C /* PBXContainerItemProxy */;
		};
/* End PBXTargetDependency section */

/* Begin PBXVariantGroup section */
		2883D55327AAE0AD0056BF5C /* Main.storyboard */ = {
			isa = PBXVariantGroup;
			children = (
				2883D55427AAE0AD0056BF5C /* Base */,
			);
			name = Main.storyboard;
			sourceTree = "<group>";
		};
		2883D55827AAE0AF0056BF5C /* LaunchScreen.storyboard */ = {
			isa = PBXVariantGroup;
			children = (
				2883D55927AAE0AF0056BF5C /* Base */,
			);
			name = LaunchScreen.storyboard;
			sourceTree = "<group>";
		};
/* End PBXVariantGroup section */

/* Begin XCBuildConfiguration section */
		2883D57227AAE0B00056BF5C /* Debug */ = {
			isa = XCBuildConfiguration;
			buildSettings = {
				ALWAYS_SEARCH_USER_PATHS = NO;
				CLANG_ANALYZER_NONNULL = YES;
				CLANG_ANALYZER_NUMBER_OBJECT_CONVERSION = YES_AGGRESSIVE;
				CLANG_CXX_LANGUAGE_STANDARD = "gnu++17";
				CLANG_CXX_LIBRARY = "libc++";
				CLANG_ENABLE_MODULES = YES;
				CLANG_ENABLE_OBJC_ARC = YES;
				CLANG_ENABLE_OBJC_WEAK = YES;
				CLANG_WARN_BLOCK_CAPTURE_AUTORELEASING = YES;
				CLANG_WARN_BOOL_CONVERSION = YES;
				CLANG_WARN_COMMA = YES;
				CLANG_WARN_CONSTANT_CONVERSION = YES;
				CLANG_WARN_DEPRECATED_OBJC_IMPLEMENTATIONS = YES;
				CLANG_WARN_DIRECT_OBJC_ISA_USAGE = YES_ERROR;
				CLANG_WARN_DOCUMENTATION_COMMENTS = YES;
				CLANG_WARN_EMPTY_BODY = YES;
				CLANG_WARN_ENUM_CONVERSION = YES;
				CLANG_WARN_INFINITE_RECURSION = YES;
				CLANG_WARN_INT_CONVERSION = YES;
				CLANG_WARN_NON_LITERAL_NULL_CONVERSION = YES;
				CLANG_WARN_OBJC_IMPLICIT_RETAIN_SELF = YES;
				CLANG_WARN_OBJC_LITERAL_CONVERSION = YES;
				CLANG_WARN_OBJC_ROOT_CLASS = YES_ERROR;
				CLANG_WARN_QUOTED_INCLUDE_IN_FRAMEWORK_HEADER = YES;
				CLANG_WARN_RANGE_LOOP_ANALYSIS = YES;
				CLANG_WARN_STRICT_PROTOTYPES = YES;
				CLANG_WARN_SUSPICIOUS_MOVE = YES;
				CLANG_WARN_UNGUARDED_AVAILABILITY = YES_AGGRESSIVE;
				CLANG_WARN_UNREACHABLE_CODE = YES;
				CLANG_WARN__DUPLICATE_METHOD_MATCH = YES;
				COPY_PHASE_STRIP = NO;
				DEBUG_INFORMATION_FORMAT = dwarf;
				ENABLE_STRICT_OBJC_MSGSEND = YES;
				ENABLE_TESTABILITY = YES;
				GCC_C_LANGUAGE_STANDARD = gnu11;
				GCC_DYNAMIC_NO_PIC = NO;
				GCC_NO_COMMON_BLOCKS = YES;
				GCC_OPTIMIZATION_LEVEL = 0;
				GCC_PREPROCESSOR_DEFINITIONS = (
					"DEBUG=1",
					"$(inherited)",
				);
				GCC_WARN_64_TO_32_BIT_CONVERSION = YES;
				GCC_WARN_ABOUT_RETURN_TYPE = YES_ERROR;
				GCC_WARN_UNDECLARED_SELECTOR = YES;
				GCC_WARN_UNINITIALIZED_AUTOS = YES_AGGRESSIVE;
				GCC_WARN_UNUSED_FUNCTION = YES;
				GCC_WARN_UNUSED_VARIABLE = YES;
				IPHONEOS_DEPLOYMENT_TARGET = 15.2;
				MTL_ENABLE_DEBUG_INFO = INCLUDE_SOURCE;
				MTL_FAST_MATH = YES;
				ONLY_ACTIVE_ARCH = YES;
				SDKROOT = iphoneos;
				SWIFT_ACTIVE_COMPILATION_CONDITIONS = DEBUG;
				SWIFT_OPTIMIZATION_LEVEL = "-Onone";
			};
			name = Debug;
		};
		2883D57327AAE0B00056BF5C /* Release */ = {
			isa = XCBuildConfiguration;
			buildSettings = {
				ALWAYS_SEARCH_USER_PATHS = NO;
				CLANG_ANALYZER_NONNULL = YES;
				CLANG_ANALYZER_NUMBER_OBJECT_CONVERSION = YES_AGGRESSIVE;
				CLANG_CXX_LANGUAGE_STANDARD = "gnu++17";
				CLANG_CXX_LIBRARY = "libc++";
				CLANG_ENABLE_MODULES = YES;
				CLANG_ENABLE_OBJC_ARC = YES;
				CLANG_ENABLE_OBJC_WEAK = YES;
				CLANG_WARN_BLOCK_CAPTURE_AUTORELEASING = YES;
				CLANG_WARN_BOOL_CONVERSION = YES;
				CLANG_WARN_COMMA = YES;
				CLANG_WARN_CONSTANT_CONVERSION = YES;
				CLANG_WARN_DEPRECATED_OBJC_IMPLEMENTATIONS = YES;
				CLANG_WARN_DIRECT_OBJC_ISA_USAGE = YES_ERROR;
				CLANG_WARN_DOCUMENTATION_COMMENTS = YES;
				CLANG_WARN_EMPTY_BODY = YES;
				CLANG_WARN_ENUM_CONVERSION = YES;
				CLANG_WARN_INFINITE_RECURSION = YES;
				CLANG_WARN_INT_CONVERSION = YES;
				CLANG_WARN_NON_LITERAL_NULL_CONVERSION = YES;
				CLANG_WARN_OBJC_IMPLICIT_RETAIN_SELF = YES;
				CLANG_WARN_OBJC_LITERAL_CONVERSION = YES;
				CLANG_WARN_OBJC_ROOT_CLASS = YES_ERROR;
				CLANG_WARN_QUOTED_INCLUDE_IN_FRAMEWORK_HEADER = YES;
				CLANG_WARN_RANGE_LOOP_ANALYSIS = YES;
				CLANG_WARN_STRICT_PROTOTYPES = YES;
				CLANG_WARN_SUSPICIOUS_MOVE = YES;
				CLANG_WARN_UNGUARDED_AVAILABILITY = YES_AGGRESSIVE;
				CLANG_WARN_UNREACHABLE_CODE = YES;
				CLANG_WARN__DUPLICATE_METHOD_MATCH = YES;
				COPY_PHASE_STRIP = NO;
				DEBUG_INFORMATION_FORMAT = "dwarf-with-dsym";
				ENABLE_NS_ASSERTIONS = NO;
				ENABLE_STRICT_OBJC_MSGSEND = YES;
				GCC_C_LANGUAGE_STANDARD = gnu11;
				GCC_NO_COMMON_BLOCKS = YES;
				GCC_WARN_64_TO_32_BIT_CONVERSION = YES;
				GCC_WARN_ABOUT_RETURN_TYPE = YES_ERROR;
				GCC_WARN_UNDECLARED_SELECTOR = YES;
				GCC_WARN_UNINITIALIZED_AUTOS = YES_AGGRESSIVE;
				GCC_WARN_UNUSED_FUNCTION = YES;
				GCC_WARN_UNUSED_VARIABLE = YES;
				IPHONEOS_DEPLOYMENT_TARGET = 15.2;
				MTL_ENABLE_DEBUG_INFO = NO;
				MTL_FAST_MATH = YES;
				SDKROOT = iphoneos;
				SWIFT_COMPILATION_MODE = wholemodule;
				SWIFT_OPTIMIZATION_LEVEL = "-O";
				VALIDATE_PRODUCT = YES;
			};
			name = Release;
		};
		2883D57527AAE0B00056BF5C /* Debug */ = {
			isa = XCBuildConfiguration;
			baseConfigurationReference = 82413F9941AB57A0B40CAE52 /* Pods-App.debug.xcconfig */;
			buildSettings = {
				ASSETCATALOG_COMPILER_APPICON_NAME = AppIcon;
				ASSETCATALOG_COMPILER_GLOBAL_ACCENT_COLOR_NAME = AccentColor;
				CLANG_ENABLE_MODULES = YES;
				CODE_SIGN_STYLE = Automatic;
				CURRENT_PROJECT_VERSION = 1;
				DEVELOPMENT_TEAM = 54KT8754RF;
				GENERATE_INFOPLIST_FILE = YES;
				INFOPLIST_FILE = App/Info.plist;
				INFOPLIST_KEY_UIApplicationSupportsIndirectInputEvents = YES;
				INFOPLIST_KEY_UILaunchStoryboardName = LaunchScreen;
				INFOPLIST_KEY_UISupportedInterfaceOrientations_iPad = "UIInterfaceOrientationPortrait UIInterfaceOrientationPortraitUpsideDown UIInterfaceOrientationLandscapeLeft UIInterfaceOrientationLandscapeRight";
				INFOPLIST_KEY_UISupportedInterfaceOrientations_iPhone = "UIInterfaceOrientationPortrait UIInterfaceOrientationLandscapeLeft UIInterfaceOrientationLandscapeRight";
				LD_RUNPATH_SEARCH_PATHS = (
					"$(inherited)",
					"@executable_path/Frameworks",
				);
				MARKETING_VERSION = 1.0;
				PRODUCT_BUNDLE_IDENTIFIER = com.aitorsalvador.App;
				PRODUCT_NAME = "$(TARGET_NAME)";
				SWIFT_EMIT_LOC_STRINGS = YES;
				SWIFT_OPTIMIZATION_LEVEL = "-Onone";
				SWIFT_VERSION = 5.0;
				TARGETED_DEVICE_FAMILY = "1,2";
			};
			name = Debug;
		};
		2883D57627AAE0B00056BF5C /* Release */ = {
			isa = XCBuildConfiguration;
			baseConfigurationReference = 915AEAE6C1F81ABB9C0FD28F /* Pods-App.release.xcconfig */;
			buildSettings = {
				ASSETCATALOG_COMPILER_APPICON_NAME = AppIcon;
				ASSETCATALOG_COMPILER_GLOBAL_ACCENT_COLOR_NAME = AccentColor;
				CLANG_ENABLE_MODULES = YES;
				CODE_SIGN_STYLE = Automatic;
				CURRENT_PROJECT_VERSION = 1;
				DEVELOPMENT_TEAM = 54KT8754RF;
				GENERATE_INFOPLIST_FILE = YES;
				INFOPLIST_FILE = App/Info.plist;
				INFOPLIST_KEY_UIApplicationSupportsIndirectInputEvents = YES;
				INFOPLIST_KEY_UILaunchStoryboardName = LaunchScreen;
				INFOPLIST_KEY_UISupportedInterfaceOrientations_iPad = "UIInterfaceOrientationPortrait UIInterfaceOrientationPortraitUpsideDown UIInterfaceOrientationLandscapeLeft UIInterfaceOrientationLandscapeRight";
				INFOPLIST_KEY_UISupportedInterfaceOrientations_iPhone = "UIInterfaceOrientationPortrait UIInterfaceOrientationLandscapeLeft UIInterfaceOrientationLandscapeRight";
				LD_RUNPATH_SEARCH_PATHS = (
					"$(inherited)",
					"@executable_path/Frameworks",
				);
				MARKETING_VERSION = 1.0;
				PRODUCT_BUNDLE_IDENTIFIER = com.aitorsalvador.App;
				PRODUCT_NAME = "$(TARGET_NAME)";
				SWIFT_EMIT_LOC_STRINGS = YES;
				SWIFT_VERSION = 5.0;
				TARGETED_DEVICE_FAMILY = "1,2";
			};
			name = Release;
		};
		2883D57827AAE0B00056BF5C /* Debug */ = {
			isa = XCBuildConfiguration;
			baseConfigurationReference = C41030F2A7FF5694F7063FD9 /* Pods-AppTests.debug.xcconfig */;
			buildSettings = {
				ALWAYS_EMBED_SWIFT_STANDARD_LIBRARIES = YES;
				BUNDLE_LOADER = "$(TEST_HOST)";
				CODE_SIGN_STYLE = Automatic;
				CURRENT_PROJECT_VERSION = 1;
				DEVELOPMENT_TEAM = 54KT8754RF;
				GENERATE_INFOPLIST_FILE = YES;
				IPHONEOS_DEPLOYMENT_TARGET = 15.2;
				MARKETING_VERSION = 1.0;
				PRODUCT_BUNDLE_IDENTIFIER = com.aitorsalvador.AppTests;
				PRODUCT_NAME = "$(TARGET_NAME)";
				SWIFT_EMIT_LOC_STRINGS = NO;
				SWIFT_VERSION = 5.0;
				TARGETED_DEVICE_FAMILY = "1,2";
				TEST_HOST = "$(BUILT_PRODUCTS_DIR)/App.app/App";
			};
			name = Debug;
		};
		2883D57927AAE0B00056BF5C /* Release */ = {
			isa = XCBuildConfiguration;
			baseConfigurationReference = 3853190382A812732C068C87 /* Pods-AppTests.release.xcconfig */;
			buildSettings = {
				ALWAYS_EMBED_SWIFT_STANDARD_LIBRARIES = YES;
				BUNDLE_LOADER = "$(TEST_HOST)";
				CODE_SIGN_STYLE = Automatic;
				CURRENT_PROJECT_VERSION = 1;
				DEVELOPMENT_TEAM = 54KT8754RF;
				GENERATE_INFOPLIST_FILE = YES;
				IPHONEOS_DEPLOYMENT_TARGET = 15.2;
				MARKETING_VERSION = 1.0;
				PRODUCT_BUNDLE_IDENTIFIER = com.aitorsalvador.AppTests;
				PRODUCT_NAME = "$(TARGET_NAME)";
				SWIFT_EMIT_LOC_STRINGS = NO;
				SWIFT_VERSION = 5.0;
				TARGETED_DEVICE_FAMILY = "1,2";
				TEST_HOST = "$(BUILT_PRODUCTS_DIR)/App.app/App";
			};
			name = Release;
		};
		2883D57B27AAE0B00056BF5C /* Debug */ = {
			isa = XCBuildConfiguration;
			buildSettings = {
				ALWAYS_EMBED_SWIFT_STANDARD_LIBRARIES = YES;
				CODE_SIGN_STYLE = Automatic;
				CURRENT_PROJECT_VERSION = 1;
				DEVELOPMENT_TEAM = 54KT8754RF;
				GENERATE_INFOPLIST_FILE = YES;
				MARKETING_VERSION = 1.0;
				PRODUCT_BUNDLE_IDENTIFIER = com.aitorsalvador.AppUITests;
				PRODUCT_NAME = "$(TARGET_NAME)";
				SWIFT_EMIT_LOC_STRINGS = NO;
				SWIFT_VERSION = 5.0;
				TARGETED_DEVICE_FAMILY = "1,2";
				TEST_TARGET_NAME = App;
			};
			name = Debug;
		};
		2883D57C27AAE0B00056BF5C /* Release */ = {
			isa = XCBuildConfiguration;
			buildSettings = {
				ALWAYS_EMBED_SWIFT_STANDARD_LIBRARIES = YES;
				CODE_SIGN_STYLE = Automatic;
				CURRENT_PROJECT_VERSION = 1;
				DEVELOPMENT_TEAM = 54KT8754RF;
				GENERATE_INFOPLIST_FILE = YES;
				MARKETING_VERSION = 1.0;
				PRODUCT_BUNDLE_IDENTIFIER = com.aitorsalvador.AppUITests;
				PRODUCT_NAME = "$(TARGET_NAME)";
				SWIFT_EMIT_LOC_STRINGS = NO;
				SWIFT_VERSION = 5.0;
				TARGETED_DEVICE_FAMILY = "1,2";
				TEST_TARGET_NAME = App;
			};
			name = Release;
		};
/* End XCBuildConfiguration section */

/* Begin XCConfigurationList section */
		2883D54527AAE0AD0056BF5C /* Build configuration list for PBXProject "App" */ = {
			isa = XCConfigurationList;
			buildConfigurations = (
				2883D57227AAE0B00056BF5C /* Debug */,
				2883D57327AAE0B00056BF5C /* Release */,
			);
			defaultConfigurationIsVisible = 0;
			defaultConfigurationName = Release;
		};
		2883D57427AAE0B00056BF5C /* Build configuration list for PBXNativeTarget "App" */ = {
			isa = XCConfigurationList;
			buildConfigurations = (
				2883D57527AAE0B00056BF5C /* Debug */,
				2883D57627AAE0B00056BF5C /* Release */,
			);
			defaultConfigurationIsVisible = 0;
			defaultConfigurationName = Release;
		};
		2883D57727AAE0B00056BF5C /* Build configuration list for PBXNativeTarget "AppTests" */ = {
			isa = XCConfigurationList;
			buildConfigurations = (
				2883D57827AAE0B00056BF5C /* Debug */,
				2883D57927AAE0B00056BF5C /* Release */,
			);
			defaultConfigurationIsVisible = 0;
			defaultConfigurationName = Release;
		};
		2883D57A27AAE0B00056BF5C /* Build configuration list for PBXNativeTarget "AppUITests" */ = {
			isa = XCConfigurationList;
			buildConfigurations = (
				2883D57B27AAE0B00056BF5C /* Debug */,
				2883D57C27AAE0B00056BF5C /* Release */,
			);
			defaultConfigurationIsVisible = 0;
			defaultConfigurationName = Release;
		};
/* End XCConfigurationList section */
	};
	rootObject = 2883D54227AAE0AD0056BF5C /* Project object */;
}
